
Microsoft Visual Studio Solution File, Format Version 12.00
# Visual Studio Version 16
VisualStudioVersion = 16.0.30907.101
MinimumVisualStudioVersion = 10.0.40219.1
Project("{9A19103F-16F7-4668-BE54-9A1E7A4F7556}") = "Delpin Booking", "Delpin Booking\Delpin Booking.csproj", "{F04993D5-BF36-4E35-A7DE-30D2D38E820E}"
EndProject
Project("{9A19103F-16F7-4668-BE54-9A1E7A4F7556}") = "DelpinWebApi", "DelpinWebApi\DelpinWebApi.csproj", "{63064A29-B066-4627-BC0C-ABA72084C2B6}"
EndProject
Project("{9A19103F-16F7-4668-BE54-9A1E7A4F7556}") = "UnitTestProject1", "UnitTestProject1\UnitTestProject1.csproj", "{93F54E98-7B30-4D57-9FCA-996DAEC8937D}"
EndProject
Project("{E53339B2-1760-4266-BCC7-CA923CBCF16C}") = "docker-compose", "docker-compose.dcproj", "{4580574D-4288-4C4E-B527-30E36BA18D25}"
EndProject
Global
	GlobalSection(SolutionConfigurationPlatforms) = preSolution
		Debug|Any CPU = Debug|Any CPU
		Release|Any CPU = Release|Any CPU
	EndGlobalSection
	GlobalSection(ProjectConfigurationPlatforms) = postSolution
		{F04993D5-BF36-4E35-A7DE-30D2D38E820E}.Debug|Any CPU.ActiveCfg = Debug|Any CPU
		{F04993D5-BF36-4E35-A7DE-30D2D38E820E}.Debug|Any CPU.Build.0 = Debug|Any CPU
		{F04993D5-BF36-4E35-A7DE-30D2D38E820E}.Release|Any CPU.ActiveCfg = Release|Any CPU
		{F04993D5-BF36-4E35-A7DE-30D2D38E820E}.Release|Any CPU.Build.0 = Release|Any CPU
		{63064A29-B066-4627-BC0C-ABA72084C2B6}.Debug|Any CPU.ActiveCfg = Debug|Any CPU
		{63064A29-B066-4627-BC0C-ABA72084C2B6}.Debug|Any CPU.Build.0 = Debug|Any CPU
		{63064A29-B066-4627-BC0C-ABA72084C2B6}.Release|Any CPU.ActiveCfg = Release|Any CPU
		{63064A29-B066-4627-BC0C-ABA72084C2B6}.Release|Any CPU.Build.0 = Release|Any CPU
		{93F54E98-7B30-4D57-9FCA-996DAEC8937D}.Debug|Any CPU.ActiveCfg = Debug|Any CPU
		{93F54E98-7B30-4D57-9FCA-996DAEC8937D}.Debug|Any CPU.Build.0 = Debug|Any CPU
		{93F54E98-7B30-4D57-9FCA-996DAEC8937D}.Release|Any CPU.ActiveCfg = Release|Any CPU
		{93F54E98-7B30-4D57-9FCA-996DAEC8937D}.Release|Any CPU.Build.0 = Release|Any CPU
		{4580574D-4288-4C4E-B527-30E36BA18D25}.Debug|Any CPU.ActiveCfg = Debug|Any CPU
		{4580574D-4288-4C4E-B527-30E36BA18D25}.Debug|Any CPU.Build.0 = Debug|Any CPU
		{4580574D-4288-4C4E-B527-30E36BA18D25}.Release|Any CPU.ActiveCfg = Release|Any CPU
		{4580574D-4288-4C4E-B527-30E36BA18D25}.Release|Any CPU.Build.0 = Release|Any CPU
	EndGlobalSection
	GlobalSection(SolutionProperties) = preSolution
		HideSolutionNode = FALSE
	EndGlobalSection
	GlobalSection(ExtensibilityGlobals) = postSolution
		SolutionGuid = {7618D9BE-C545-43B5-A297-5CC47AE31CEF}
	EndGlobalSection
EndGlobal
